
Microsoft Visual Studio Solution File, Format Version 12.00
# Visual Studio Version 17
VisualStudioVersion = 17.0.31903.59
MinimumVisualStudioVersion = 10.0.40219.1
Project("{2150E333-8FDC-42A3-9474-1A3956D46DE8}") = "src", "src", "{76CCE7AA-C051-465E-BCC0-F05B5BFE34A3}"
EndProject
Project("{FAE04EC0-301F-11D3-BF4B-00C04F79EFBC}") = "OpenLogi.Storage", "src\OpenLogi.Storage\OpenLogi.Storage.csproj", "{58DA6794-57A2-4B42-8317-3DC743F421EB}"
EndProject
Project("{FAE04EC0-301F-11D3-BF4B-00C04F79EFBC}") = "OpenLogi.Core", "src\OpenLogi.Core\OpenLogi.Core.csproj", "{8585A3ED-2F1E-4663-B435-CB4AD92CEBFC}"
EndProject
Project("{FAE04EC0-301F-11D3-BF4B-00C04F79EFBC}") = "OpenLogi.Hid", "src\OpenLogi.Hid\OpenLogi.Hid.csproj", "{63258791-2EF4-4E39-8B2F-CE05356AB033}"
EndProject
Project("{FAE04EC0-301F-11D3-BF4B-00C04F79EFBC}") = "OpenLogi.Devices", "src\OpenLogi.Devices\OpenLogi.Devices.csproj", "{99200515-B0EF-4BAC-AE6A-26AABC67D0CB}"
EndProject
Project("{FAE04EC0-301F-11D3-BF4B-00C04F79EFBC}") = "OpenLogi.Logging", "src\OpenLogi.Logging\OpenLogi.Logging.csproj", "{B2CA287F-CBF9-4D20-8736-7D503CE7A389}"
EndProject
Project("{FAE04EC0-301F-11D3-BF4B-00C04F79EFBC}") = "OpenLogi.App", "src\OpenLogi.App\OpenLogi.App.csproj", "{0F8F02EA-EB32-43CB-968B-BDDC7CA13D60}"
EndProject
Project("{FAE04EC0-301F-11D3-BF4B-00C04F79EFBC}") = "OpenLogi.Agent", "src\OpenLogi.Agent\OpenLogi.Agent.csproj", "{843B953B-C2F3-4E6F-8514-53307D9273A7}"
EndProject
Project("{2150E333-8FDC-42A3-9474-1A3956D46DE8}") = "tests", "tests", "{6BEE09FE-B3D6-446E-AC45-1E94885C4B6F}"
EndProject
Project("{FAE04EC0-301F-11D3-BF4B-00C04F79EFBC}") = "OpenLogi.Hid.Tests", "tests\OpenLogi.Hid.Tests\OpenLogi.Hid.Tests.csproj", "{04F3248A-62C2-4CB1-846B-34334D4ED6FC}"
EndProject
Project("{FAE04EC0-301F-11D3-BF4B-00C04F79EFBC}") = "OpenLogi.Storage.Tests", "tests\OpenLogi.Storage.Tests\OpenLogi.Storage.Tests.csproj", "{C7CCF543-2A2C-4EF6-9756-7C35A217BC1C}"
EndProject
Project("{FAE04EC0-301F-11D3-BF4B-00C04F79EFBC}") = "OpenLogi.Core.Tests", "tests\OpenLogi.Core.Tests\OpenLogi.Core.Tests.csproj", "{77E07D8E-0C42-4E59-B8D2-9065CA1C5395}"
EndProject
Project("{FAE04EC0-301F-11D3-BF4B-00C04F79EFBC}") = "OpenLogi.Devices.Tests", "tests\OpenLogi.Devices.Tests\OpenLogi.Devices.Tests.csproj", "{26319697-C8CE-4826-9C45-C17F4063E068}"
EndProject
Global
	GlobalSection(SolutionConfigurationPlatforms) = preSolution
		Debug|Any CPU = Debug|Any CPU
		Release|Any CPU = Release|Any CPU
	EndGlobalSection
	GlobalSection(SolutionProperties) = preSolution
		HideSolutionNode = FALSE
	EndGlobalSection
	GlobalSection(ProjectConfigurationPlatforms) = postSolution
		{58DA6794-57A2-4B42-8317-3DC743F421EB}.Debug|Any CPU.ActiveCfg = Debug|Any CPU
		{58DA6794-57A2-4B42-8317-3DC743F421EB}.Debug|Any CPU.Build.0 = Debug|Any CPU
		{58DA6794-57A2-4B42-8317-3DC743F421EB}.Release|Any CPU.ActiveCfg = Release|Any CPU
		{58DA6794-57A2-4B42-8317-3DC743F421EB}.Release|Any CPU.Build.0 = Release|Any CPU
		{8585A3ED-2F1E-4663-B435-CB4AD92CEBFC}.Debug|Any CPU.ActiveCfg = Debug|Any CPU
		{8585A3ED-2F1E-4663-B435-CB4AD92CEBFC}.Debug|Any CPU.Build.0 = Debug|Any CPU
		{8585A3ED-2F1E-4663-B435-CB4AD92CEBFC}.Release|Any CPU.ActiveCfg = Release|Any CPU
		{8585A3ED-2F1E-4663-B435-CB4AD92CEBFC}.Release|Any CPU.Build.0 = Release|Any CPU
		{63258791-2EF4-4E39-8B2F-CE05356AB033}.Debug|Any CPU.ActiveCfg = Debug|Any CPU
		{63258791-2EF4-4E39-8B2F-CE05356AB033}.Debug|Any CPU.Build.0 = Debug|Any CPU
		{63258791-2EF4-4E39-8B2F-CE05356AB033}.Release|Any CPU.ActiveCfg = Release|Any CPU
		{63258791-2EF4-4E39-8B2F-CE05356AB033}.Release|Any CPU.Build.0 = Release|Any CPU
		{99200515-B0EF-4BAC-AE6A-26AABC67D0CB}.Debug|Any CPU.ActiveCfg = Debug|Any CPU
		{99200515-B0EF-4BAC-AE6A-26AABC67D0CB}.Debug|Any CPU.Build.0 = Debug|Any CPU
		{99200515-B0EF-4BAC-AE6A-26AABC67D0CB}.Release|Any CPU.ActiveCfg = Release|Any CPU
		{99200515-B0EF-4BAC-AE6A-26AABC67D0CB}.Release|Any CPU.Build.0 = Release|Any CPU
		{B2CA287F-CBF9-4D20-8736-7D503CE7A389}.Debug|Any CPU.ActiveCfg = Debug|Any CPU
		{B2CA287F-CBF9-4D20-8736-7D503CE7A389}.Debug|Any CPU.Build.0 = Debug|Any CPU
		{B2CA287F-CBF9-4D20-8736-7D503CE7A389}.Release|Any CPU.ActiveCfg = Release|Any CPU
		{B2CA287F-CBF9-4D20-8736-7D503CE7A389}.Release|Any CPU.Build.0 = Release|Any CPU
		{0F8F02EA-EB32-43CB-968B-BDDC7CA13D60}.Debug|Any CPU.ActiveCfg = Debug|Any CPU
		{0F8F02EA-EB32-43CB-968B-BDDC7CA13D60}.Debug|Any CPU.Build.0 = Debug|Any CPU
		{0F8F02EA-EB32-43CB-968B-BDDC7CA13D60}.Release|Any CPU.ActiveCfg = Release|Any CPU
		{0F8F02EA-EB32-43CB-968B-BDDC7CA13D60}.Release|Any CPU.Build.0 = Release|Any CPU
		{843B953B-C2F3-4E6F-8514-53307D9273A7}.Debug|Any CPU.ActiveCfg = Debug|Any CPU
		{843B953B-C2F3-4E6F-8514-53307D9273A7}.Debug|Any CPU.Build.0 = Debug|Any CPU
		{843B953B-C2F3-4E6F-8514-53307D9273A7}.Release|Any CPU.ActiveCfg = Release|Any CPU
		{843B953B-C2F3-4E6F-8514-53307D9273A7}.Release|Any CPU.Build.0 = Release|Any CPU
		{04F3248A-62C2-4CB1-846B-34334D4ED6FC}.Debug|Any CPU.ActiveCfg = Debug|Any CPU
		{04F3248A-62C2-4CB1-846B-34334D4ED6FC}.Debug|Any CPU.Build.0 = Debug|Any CPU
		{04F3248A-62C2-4CB1-846B-34334D4ED6FC}.Release|Any CPU.ActiveCfg = Release|Any CPU
		{04F3248A-62C2-4CB1-846B-34334D4ED6FC}.Release|Any CPU.Build.0 = Release|Any CPU
		{C7CCF543-2A2C-4EF6-9756-7C35A217BC1C}.Debug|Any CPU.ActiveCfg = Debug|Any CPU
		{C7CCF543-2A2C-4EF6-9756-7C35A217BC1C}.Debug|Any CPU.Build.0 = Debug|Any CPU
		{C7CCF543-2A2C-4EF6-9756-7C35A217BC1C}.Release|Any CPU.ActiveCfg = Release|Any CPU
		{C7CCF543-2A2C-4EF6-9756-7C35A217BC1C}.Release|Any CPU.Build.0 = Release|Any CPU
		{77E07D8E-0C42-4E59-B8D2-9065CA1C5395}.Debug|Any CPU.ActiveCfg = Debug|Any CPU
		{77E07D8E-0C42-4E59-B8D2-9065CA1C5395}.Debug|Any CPU.Build.0 = Debug|Any CPU
		{77E07D8E-0C42-4E59-B8D2-9065CA1C5395}.Release|Any CPU.ActiveCfg = Release|Any CPU
		{77E07D8E-0C42-4E59-B8D2-9065CA1C5395}.Release|Any CPU.Build.0 = Release|Any CPU
		{26319697-C8CE-4826-9C45-C17F4063E068}.Debug|Any CPU.ActiveCfg = Debug|Any CPU
		{26319697-C8CE-4826-9C45-C17F4063E068}.Debug|Any CPU.Build.0 = Debug|Any CPU
		{26319697-C8CE-4826-9C45-C17F4063E068}.Release|Any CPU.ActiveCfg = Release|Any CPU
		{26319697-C8CE-4826-9C45-C17F4063E068}.Release|Any CPU.Build.0 = Release|Any CPU
	EndGlobalSection
	GlobalSection(NestedProjects) = preSolution
		{58DA6794-57A2-4B42-8317-3DC743F421EB} = {76CCE7AA-C051-465E-BCC0-F05B5BFE34A3}
		{8585A3ED-2F1E-4663-B435-CB4AD92CEBFC} = {76CCE7AA-C051-465E-BCC0-F05B5BFE34A3}
		{63258791-2EF4-4E39-8B2F-CE05356AB033} = {76CCE7AA-C051-465E-BCC0-F05B5BFE34A3}
		{99200515-B0EF-4BAC-AE6A-26AABC67D0CB} = {76CCE7AA-C051-465E-BCC0-F05B5BFE34A3}
		{B2CA287F-CBF9-4D20-8736-7D503CE7A389} = {76CCE7AA-C051-465E-BCC0-F05B5BFE34A3}
		{0F8F02EA-EB32-43CB-968B-BDDC7CA13D60} = {76CCE7AA-C051-465E-BCC0-F05B5BFE34A3}
		{843B953B-C2F3-4E6F-8514-53307D9273A7} = {76CCE7AA-C051-465E-BCC0-F05B5BFE34A3}
		{04F3248A-62C2-4CB1-846B-34334D4ED6FC} = {6BEE09FE-B3D6-446E-AC45-1E94885C4B6F}
		{C7CCF543-2A2C-4EF6-9756-7C35A217BC1C} = {6BEE09FE-B3D6-446E-AC45-1E94885C4B6F}
		{77E07D8E-0C42-4E59-B8D2-9065CA1C5395} = {6BEE09FE-B3D6-446E-AC45-1E94885C4B6F}
		{26319697-C8CE-4826-9C45-C17F4063E068} = {6BEE09FE-B3D6-446E-AC45-1E94885C4B6F}
	EndGlobalSection
EndGlobal
